<?xml version="1.0" encoding="utf-8"?>
<Project ToolsVersion="4.0" xmlns="http://schemas.microsoft.com/developer/msbuild/2003">
  <ItemGroup>
    <Filter Include="Source Files">
      <UniqueIdentifier>{e6bc1bcf-46ca-4629-8aed-9efd3e73081c}</UniqueIdentifier>
      <Extensions>cpp;c;cxx;rc;def;r;odl;idl;hpj;bat</Extensions>
    </Filter>
    <Filter Include="Header Files">
      <UniqueIdentifier>{99d90810-8db2-4b1c-9dec-06551c24841b}</UniqueIdentifier>
      <Extensions>h;hpp;hxx;hm;inl</Extensions>
    </Filter>
    <Filter Include="Resource Files">
      <UniqueIdentifier>{95ebc956-a58a-4184-880e-d5077e2c2b67}</UniqueIdentifier>
      <Extensions>ico;cur;bmp;dlg;rc2;rct;bin;rgs;gif;jpg;jpeg;jpe</Extensions>
    </Filter>
    <Filter Include="cJson">
      <UniqueIdentifier>{46554248-0523-4f0a-95af-0cdcaf9f0752}</UniqueIdentifier>
    </Filter>
    <Filter Include="xml">
      <UniqueIdentifier>{7c15fef2-cce1-4154-9cae-d95e9fbf6572}</UniqueIdentifier>
    </Filter>
  </ItemGroup>
  <ItemGroup>
    <ClCompile Include="ClientDemo.cpp">
      <Filter>Source Files</Filter>
    </ClCompile>
    <ClCompile Include="ClientDemoDlg.cpp">
      <Filter>Source Files</Filter>
    </ClCompile>
    <ClCompile Include="DlgActivateCard.cpp">
      <Filter>Source Files</Filter>
    </ClCompile>
    <ClCompile Include="DlgBeepAndFlickerCtrl.cpp">
      <Filter>Source Files</Filter>
    </ClCompile>
    <ClCompile Include="DlgCardParamCfg.cpp">
      <Filter>Source Files</Filter>
    </ClCompile>
    <ClCompile Include="DlgCardProtoCfg.cpp">
      <Filter>Source Files</Filter>
    </ClCompile>
    <ClCompile Include="DlgCertificateAddAddrInfo.cpp">
      <Filter>Source Files</Filter>
    </ClCompile>
    <ClCompile Include="DlgCertificateInfo.cpp">
      <Filter>Source Files</Filter>
    </ClCompile>
    <ClCompile Include="DlgCertificateMac.cpp">
      <Filter>Source Files</Filter>
    </ClCompile>
    <ClCompile Include="DlgCPUCardEncryptCfg.cpp">
      <Filter>Source Files</Filter>
    </ClCompile>
    <ClCompile Include="DlgCPUCardPack.cpp">
      <Filter>Source Files</Filter>
    </ClCompile>
    <ClCompile Include="DlgCPUCardReset.cpp">
      <Filter>Source Files</Filter>
    </ClCompile>
    <ClCompile Include="DlgDetectCard.cpp">
      <Filter>Source Files</Filter>
    </ClCompile>
    <ClCompile Include="DlgDeviceReg.cpp">
      <Filter>Source Files</Filter>
    </ClCompile>
    <ClCompile Include="DlgExternalDev.cpp">
      <Filter>Source Files</Filter>
    </ClCompile>
    <ClCompile Include="DlgFingerPrintOper.cpp">
      <Filter>Source Files</Filter>
    </ClCompile>
    <ClCompile Include="DlgICCardNo.cpp">
      <Filter>Source Files</Filter>
    </ClCompile>
    <ClCompile Include="DlgM1BlockAdd.cpp">
      <Filter>Source Files</Filter>
    </ClCompile>
    <ClCompile Include="DlgM1BlockMinus.cpp">
      <Filter>Source Files</Filter>
    </ClCompile>
    <ClCompile Include="DlgM1BlockToReg.cpp">
      <Filter>Source Files</Filter>
    </ClCompile>
    <ClCompile Include="DlgM1MifarePack.cpp">
      <Filter>Source Files</Filter>
    </ClCompile>
    <ClCompile Include="DlgM1ModifySCB.cpp">
      <Filter>Source Files</Filter>
    </ClCompile>
    <ClCompile Include="DlgM1PwdVerify.cpp">
      <Filter>Source Files</Filter>
    </ClCompile>
    <ClCompile Include="DlgM1ReadBlock.cpp">
      <Filter>Source Files</Filter>
    </ClCompile>
    <ClCompile Include="DlgM1RegToBlock.cpp">
      <Filter>Source Files</Filter>
    </ClCompile>
    <ClCompile Include="DlgM1WriteBlock.cpp">
      <Filter>Source Files</Filter>
    </ClCompile>
    <ClCompile Include="DlgRFCReset.cpp">
      <Filter>Source Files</Filter>
    </ClCompile>
    <ClCompile Include="DlgSetDeviceKey.cpp">
      <Filter>Source Files</Filter>
    </ClCompile>
    <ClCompile Include="DlgStopCardOper.cpp">
      <Filter>Source Files</Filter>
    </ClCompile>
    <ClCompile Include="DlgUpgrade.cpp">
      <Filter>Source Files</Filter>
    </ClCompile>
    <ClCompile Include="GlobalCtrl.cpp">
      <Filter>Source Files</Filter>
    </ClCompile>
    <ClCompile Include="StdAfx.cpp">
      <Filter>Source Files</Filter>
    </ClCompile>
    <ClCompile Include="SubDlgDevInterface.cpp">
      <Filter>Source Files</Filter>
    </ClCompile>
    <ClCompile Include="SubDlgGenInterface.cpp">
      <Filter>Source Files</Filter>
    </ClCompile>
    <ClCompile Include="SubDlgM1CardInterface.cpp">
      <Filter>Source Files</Filter>
    </ClCompile>
    <ClCompile Include="DlgM1SectionEncrypt.cpp">
      <Filter>Source Files</Filter>
    </ClCompile>
    <ClCompile Include="DlgOfflineCapture.cpp">
      <Filter>Source Files</Filter>
    </ClCompile>
    <ClCompile Include="DlgOnlineCapture.cpp">
      <Filter>Source Files</Filter>
    </ClCompile>
    <ClCompile Include="cjson\cjson.cpp">
      <Filter>cJson</Filter>
    </ClCompile>
    <ClCompile Include="xml\tinystr.cpp">
      <Filter>xml</Filter>
    </ClCompile>
    <ClCompile Include="xml\tinyxml.cpp">
      <Filter>xml</Filter>
    </ClCompile>
    <ClCompile Include="xml\tinyxmlerror.cpp">
      <Filter>xml</Filter>
    </ClCompile>
    <ClCompile Include="xml\tinyxmlparser.cpp">
      <Filter>xml</Filter>
    </ClCompile>
    <ClCompile Include="xml\XmlBase.cpp">
      <Filter>xml</Filter>
    </ClCompile>
    <ClCompile Include="DlgTransConfig.cpp">
      <Filter>Source Files</Filter>
    </ClCompile>
    <ClCompile Include="DlgGetCardIssueVer.cpp">
      <Filter>Source Files</Filter>
    </ClCompile>
    <ClCompile Include="SubDlgCertificateInfoInterface.cpp">
      <Filter>Source Files</Filter>
    </ClCompile>
    <ClCompile Include="SubDlgCpuPsamCardInterface.cpp">
      <Filter>Source Files</Filter>
    </ClCompile>
    <ClCompile Include="SubDlgThermalInterface.cpp">
      <Filter>Source Files</Filter>
    </ClCompile>
    <ClCompile Include="SubDlgCameraInterface.cpp">
      <Filter>Source Files</Filter>
    </ClCompile>
    <ClCompile Include="SubDlgCameraControl.cpp">
      <Filter>Source Files</Filter>
    </ClCompile>
    <ClCompile Include="SubDlgTransmissionInterface.cpp">
      <Filter>Source Files</Filter>
    </ClCompile>
    <ClCompile Include="LanguageSelect.cpp">
      <Filter>Source Files</Filter>
    </ClCompile>
    <ClCompile Include="DlgHealthCode.cpp">
      <Filter>Source Files</Filter>
    </ClCompile>
    <ClCompile Include="DlgFileTransfer.cpp">
      <Filter>Source Files</Filter>
    </ClCompile>
  </ItemGroup>
  <ItemGroup>
    <ResourceCompile Include="ClientDemo.rc">
      <Filter>Source Files</Filter>
    </ResourceCompile>
  </ItemGroup>
  <ItemGroup>
    <ClInclude Include="ClientDemo.h">
      <Filter>Header Files</Filter>
    </ClInclude>
    <ClInclude Include="ClientDemoDlg.h">
      <Filter>Header Files</Filter>
    </ClInclude>
    <ClInclude Include="DlgActivateCard.h">
      <Filter>Header Files</Filter>
    </ClInclude>
    <ClInclude Include="DlgBeepAndFlickerCtrl.h">
      <Filter>Header Files</Filter>
    </ClInclude>
    <ClInclude Include="DlgCardParamCfg.h">
      <Filter>Header Files</Filter>
    </ClInclude>
    <ClInclude Include="DlgCardProtoCfg.h">
      <Filter>Header Files</Filter>
    </ClInclude>
    <ClInclude Include="DlgCertificateAddAddrInfo.h">
      <Filter>Header Files</Filter>
    </ClInclude>
    <ClInclude Include="DlgCertificateInfo.h">
      <Filter>Header Files</Filter>
    </ClInclude>
    <ClInclude Include="DlgCertificateMac.h">
      <Filter>Header Files</Filter>
    </ClInclude>
    <ClInclude Include="DlgCPUCardEncryptCfg.h">
      <Filter>Header Files</Filter>
    </ClInclude>
    <ClInclude Include="DlgCPUCardPack.h">
      <Filter>Header Files</Filter>
    </ClInclude>
    <ClInclude Include="DlgCPUCardReset.h">
      <Filter>Header Files</Filter>
    </ClInclude>
    <ClInclude Include="DlgDetectCard.h">
      <Filter>Header Files</Filter>
    </ClInclude>
    <ClInclude Include="DlgDeviceReg.h">
      <Filter>Header Files</Filter>
    </ClInclude>
    <ClInclude Include="DlgExternalDev.h">
      <Filter>Header Files</Filter>
    </ClInclude>
    <ClInclude Include="DlgFingerPrintOper.h">
      <Filter>Header Files</Filter>
    </ClInclude>
    <ClInclude Include="DlgICCardNo.h">
      <Filter>Header Files</Filter>
    </ClInclude>
    <ClInclude Include="DlgM1BlockAdd.h">
      <Filter>Header Files</Filter>
    </ClInclude>
    <ClInclude Include="DlgM1BlockMinus.h">
      <Filter>Header Files</Filter>
    </ClInclude>
    <ClInclude Include="DlgM1BlockToReg.h">
      <Filter>Header Files</Filter>
    </ClInclude>
    <ClInclude Include="DlgM1MifarePack.h">
      <Filter>Header Files</Filter>
    </ClInclude>
    <ClInclude Include="DlgM1ModifySCB.h">
      <Filter>Header Files</Filter>
    </ClInclude>
    <ClInclude Include="DlgM1PwdVerify.h">
      <Filter>Header Files</Filter>
    </ClInclude>
    <ClInclude Include="DlgM1ReadBlock.h">
      <Filter>Header Files</Filter>
    </ClInclude>
    <ClInclude Include="DlgM1RegToBlock.h">
      <Filter>Header Files</Filter>
    </ClInclude>
    <ClInclude Include="DlgM1WriteBlock.h">
      <Filter>Header Files</Filter>
    </ClInclude>
    <ClInclude Include="DlgRFCReset.h">
      <Filter>Header Files</Filter>
    </ClInclude>
    <ClInclude Include="DlgSetDeviceKey.h">
      <Filter>Header Files</Filter>
    </ClInclude>
    <ClInclude Include="DlgStopCardOper.h">
      <Filter>Header Files</Filter>
    </ClInclude>
    <ClInclude Include="DlgUpgrade.h">
      <Filter>Header Files</Filter>
    </ClInclude>
    <ClInclude Include="GlobalCtrl.h">
      <Filter>Header Files</Filter>
    </ClInclude>
    <ClInclude Include="Resource.h">
      <Filter>Header Files</Filter>
    </ClInclude>
    <ClInclude Include="StdAfx.h">
      <Filter>Header Files</Filter>
    </ClInclude>
    <ClInclude Include="SubDlgDevInterface.h">
      <Filter>Header Files</Filter>
    </ClInclude>
    <ClInclude Include="SubDlgGenInterface.h">
      <Filter>Header Files</Filter>
    </ClInclude>
    <ClInclude Include="SubDlgM1CardInterface.h">
      <Filter>Header Files</Filter>
    </ClInclude>
    <ClInclude Include="DlgM1SectionEncrypt.h">
      <Filter>Header Files</Filter>
    </ClInclude>
    <ClInclude Include="DlgOfflineCapture.h">
      <Filter>Header Files</Filter>
    </ClInclude>
    <ClInclude Include="DlgOnlineCapture.h">
      <Filter>Header Files</Filter>
    </ClInclude>
    <ClInclude Include="cjson\cJSON.h">
      <Filter>cJson</Filter>
    </ClInclude>
    <ClInclude Include="xml\tinystr.h">
      <Filter>xml</Filter>
    </ClInclude>
    <ClInclude Include="xml\tinyxml.h">
      <Filter>xml</Filter>
    </ClInclude>
    <ClInclude Include="xml\XmlBase.h">
      <Filter>xml</Filter>
    </ClInclude>
    <ClInclude Include="DlgTransConfig.h">
      <Filter>Header Files</Filter>
    </ClInclude>
    <ClInclude Include="DlgGetCardIssueVer.h">
      <Filter>Header Files</Filter>
    </ClInclude>
    <ClInclude Include="SubDlgCertificateInfoInterface.h">
      <Filter>Header Files</Filter>
    </ClInclude>
    <ClInclude Include="SubDlgCpuPsamCardInterface.h">
      <Filter>Header Files</Filter>
    </ClInclude>
    <ClInclude Include="SubDlgThermalInterface.h">
      <Filter>Header Files</Filter>
    </ClInclude>
    <ClInclude Include="SubDlgCameraInterface.h">
      <Filter>Header Files</Filter>
    </ClInclude>
    <ClInclude Include="SubDlgCameraControl.h">
      <Filter>Header Files</Filter>
    </ClInclude>
    <ClInclude Include="SubDlgTransmissionInterface.h">
      <Filter>Header Files</Filter>
    </ClInclude>
    <ClInclude Include="LanguageSelect.h">
      <Filter>Header Files</Filter>
    </ClInclude>
    <ClInclude Include="Language.h">
      <Filter>Source Files</Filter>
    </ClInclude>
    <ClInclude Include="DlgHealthCode.h">
      <Filter>Header Files</Filter>
    </ClInclude>
    <ClInclude Include="DlgFileTransfer.h">
      <Filter>Header Files</Filter>
    </ClInclude>
    <ClInclude Include="..\..\include\HCUsbSDK.h">
      <Filter>Header Files</Filter>
    </ClInclude>
  </ItemGroup>
  <ItemGroup>
    <Image Include="res\ClientDemo.ico">
      <Filter>Resource Files</Filter>
    </Image>
  </ItemGroup>
  <ItemGroup>
    <Text Include="ReadMe.txt" />
  </ItemGroup>
  <ItemGroup>
    <CustomBuild Include="res\ClientDemo.rc2">
      <Filter>Resource Files</Filter>
    </CustomBuild>
  </ItemGroup>
</Project>